
Microsoft Visual Studio Solution File, Format Version 12.00
# Visual Studio Version 16
VisualStudioVersion = 16.0.28803.452
MinimumVisualStudioVersion = 10.0.40219.1
Project("{9A19103F-16F7-4668-BE54-9A1E7A4F7556}") = "TwentyOne", "TwentyOne\TwentyOne.csproj", "{03B0AA3E-8869-4393-8479-69A0244A1B9E}"
EndProject
Project("{FAE04EC0-301F-11D3-BF4B-00C04F79EFBC}") = "Casino", "Casino\Casino.csproj", "{D8E78FA2-65A6-4631-9386-AD074C221C84}"
EndProject
Global
	GlobalSection(SolutionConfigurationPlatforms) = preSolution
		Debug|Any CPU = Debug|Any CPU
		Release|Any CPU = Release|Any CPU
	EndGlobalSection
	GlobalSection(ProjectConfigurationPlatforms) = postSolution
		{03B0AA3E-8869-4393-8479-69A0244A1B9E}.Debug|Any CPU.ActiveCfg = Debug|Any CPU
		{03B0AA3E-8869-4393-8479-69A0244A1B9E}.Debug|Any CPU.Build.0 = Debug|Any CPU
		{03B0AA3E-8869-4393-8479-69A0244A1B9E}.Release|Any CPU.ActiveCfg = Release|Any CPU
		{03B0AA3E-8869-4393-8479-69A0244A1B9E}.Release|Any CPU.Build.0 = Release|Any CPU
		{D8E78FA2-65A6-4631-9386-AD074C221C84}.Debug|Any CPU.ActiveCfg = Debug|Any CPU
		{D8E78FA2-65A6-4631-9386-AD074C221C84}.Debug|Any CPU.Build.0 = Debug|Any CPU
		{D8E78FA2-65A6-4631-9386-AD074C221C84}.Release|Any CPU.ActiveCfg = Release|Any CPU
		{D8E78FA2-65A6-4631-9386-AD074C221C84}.Release|Any CPU.Build.0 = Release|Any CPU
	EndGlobalSection
	GlobalSection(SolutionProperties) = preSolution
		HideSolutionNode = FALSE
	EndGlobalSection
	GlobalSection(ExtensibilityGlobals) = postSolution
		SolutionGuid = {D86D1272-D0A4-4F6A-AE7A-D622C6F72F12}
	EndGlobalSection
EndGlobal
